// !$*UTF8*$!
{
	archiveVersion = 1;
	classes = {
	};
	objectVersion = 50;
	objects = {

/* Begin PBXBuildFile section */
		7A45327B15EFE9B2163087BF /* libPods-ShouAn.a in Frameworks */ = {isa = PBXBuildFile; fileRef = DE3639F09083C942D12A8D87 /* libPods-ShouAn.a */; };
		A20D382B22B135530090321D /* SAChangePwdViewController.m in Sources */ = {isa = PBXBuildFile; fileRef = A20D382A22B135530090321D /* SAChangePwdViewController.m */; };
		A20D382E22B135790090321D /* SAChangePwdView.m in Sources */ = {isa = PBXBuildFile; fileRef = A20D382D22B135790090321D /* SAChangePwdView.m */; };
		A20D383122B136E80090321D /* SATextFieldCell.m in Sources */ = {isa = PBXBuildFile; fileRef = A20D383022B136E80090321D /* SATextFieldCell.m */; };
		A20D383422B142800090321D /* SAAboutUsViewController.m in Sources */ = {isa = PBXBuildFile; fileRef = A20D383322B142800090321D /* SAAboutUsViewController.m */; };
		A20D383722B14F130090321D /* SASettingViewController.m in Sources */ = {isa = PBXBuildFile; fileRef = A20D383622B14F130090321D /* SASettingViewController.m */; };
		A20D383A22B14F5F0090321D /* SASettingView.m in Sources */ = {isa = PBXBuildFile; fileRef = A20D383922B14F5F0090321D /* SASettingView.m */; };
		A20D384022B1582D0090321D /* SAFeedbackViewController.m in Sources */ = {isa = PBXBuildFile; fileRef = A20D383F22B1582D0090321D /* SAFeedbackViewController.m */; };
		A20D384322B491100090321D /* SASearchCell.m in Sources */ = {isa = PBXBuildFile; fileRef = A20D384222B491100090321D /* SASearchCell.m */; };
		A20D384622B4914A0090321D /* SAScoreSearchCell.m in Sources */ = {isa = PBXBuildFile; fileRef = A20D384422B491490090321D /* SAScoreSearchCell.m */; };
		A20D384922B494560090321D /* SAExamSearchViewController.m in Sources */ = {isa = PBXBuildFile; fileRef = A20D384822B494560090321D /* SAExamSearchViewController.m */; };
		A20D384C22B494A40090321D /* SAExamSearchCell.m in Sources */ = {isa = PBXBuildFile; fileRef = A20D384B22B494A40090321D /* SAExamSearchCell.m */; };
		A215EBB422AFE05A006AAB1C /* SAStudentInfoViewController.m in Sources */ = {isa = PBXBuildFile; fileRef = A215EBB322AFE05A006AAB1C /* SAStudentInfoViewController.m */; };
		A215EBB722AFE13B006AAB1C /* SAStudentInfoView.m in Sources */ = {isa = PBXBuildFile; fileRef = A215EBB622AFE13B006AAB1C /* SAStudentInfoView.m */; };
		A215EBCB22B00033006AAB1C /* SAMineViewController.m in Sources */ = {isa = PBXBuildFile; fileRef = A215EBCA22B00033006AAB1C /* SAMineViewController.m */; };
		A215EBCE22B00040006AAB1C /* SAMessageViewController.m in Sources */ = {isa = PBXBuildFile; fileRef = A215EBCD22B00040006AAB1C /* SAMessageViewController.m */; };
		A215EBD122B0004B006AAB1C /* SASearchViewController.m in Sources */ = {isa = PBXBuildFile; fileRef = A215EBD022B0004B006AAB1C /* SASearchViewController.m */; };
		A215EBD722B00491006AAB1C /* SAHomeViewController.m in Sources */ = {isa = PBXBuildFile; fileRef = A215EBD622B00491006AAB1C /* SAHomeViewController.m */; };
		A2AC60D022B343E800247689 /* Notice.plist in Resources */ = {isa = PBXBuildFile; fileRef = A2AC60CF22B343E800247689 /* Notice.plist */; };
		A2AC60D522B347DD00247689 /* SANoticeModel.m in Sources */ = {isa = PBXBuildFile; fileRef = A2AC60D422B347DD00247689 /* SANoticeModel.m */; };
		A2AC60DA22B3864800247689 /* Search.plist in Resources */ = {isa = PBXBuildFile; fileRef = A2AC60D922B3864800247689 /* Search.plist */; };
		A2AC60DF22B387B700247689 /* SASearchModel.m in Sources */ = {isa = PBXBuildFile; fileRef = A2AC60DE22B387B700247689 /* SASearchModel.m */; };
		A2AC60EF22B3A31D00247689 /* SAScoreSearchViewController.m in Sources */ = {isa = PBXBuildFile; fileRef = A2AC60EE22B3A31D00247689 /* SAScoreSearchViewController.m */; };
		A2AE4F8D22AF755D001DBEAA /* AppDelegate.m in Sources */ = {isa = PBXBuildFile; fileRef = A2AE4F8C22AF755D001DBEAA /* AppDelegate.m */; };
		A2AE4F9522AF755D001DBEAA /* Assets.xcassets in Resources */ = {isa = PBXBuildFile; fileRef = A2AE4F9422AF755D001DBEAA /* Assets.xcassets */; };
		A2AE4F9822AF755D001DBEAA /* LaunchScreen.storyboard in Resources */ = {isa = PBXBuildFile; fileRef = A2AE4F9622AF755D001DBEAA /* LaunchScreen.storyboard */; };
		A2AE4F9B22AF755D001DBEAA /* main.m in Sources */ = {isa = PBXBuildFile; fileRef = A2AE4F9A22AF755D001DBEAA /* main.m */; };
		A2AE4FAD22AF824B001DBEAA /* SANavigationController.m in Sources */ = {isa = PBXBuildFile; fileRef = A2AE4FAC22AF824B001DBEAA /* SANavigationController.m */; };
		A2AE4FB022AF8277001DBEAA /* SATabBarController.m in Sources */ = {isa = PBXBuildFile; fileRef = A2AE4FAF22AF8277001DBEAA /* SATabBarController.m */; };
		A2AE4FB322AF828C001DBEAA /* SABaseViewController.m in Sources */ = {isa = PBXBuildFile; fileRef = A2AE4FB222AF828C001DBEAA /* SABaseViewController.m */; };
		A2AE4FBC22AF8EF9001DBEAA /* SALoginViewController.m in Sources */ = {isa = PBXBuildFile; fileRef = A2AE4FBA22AF8EF9001DBEAA /* SALoginViewController.m */; };
		A2AE4FBF22AF914E001DBEAA /* SAView.m in Sources */ = {isa = PBXBuildFile; fileRef = A2AE4FBE22AF914E001DBEAA /* SAView.m */; };
		A2AE4FC422AF9198001DBEAA /* SATabView.m in Sources */ = {isa = PBXBuildFile; fileRef = A2AE4FC322AF9198001DBEAA /* SATabView.m */; };
		A2AE4FCB22AFA063001DBEAA /* UIView+SAExtension.m in Sources */ = {isa = PBXBuildFile; fileRef = A2AE4FCA22AFA062001DBEAA /* UIView+SAExtension.m */; };
		A2AE4FD222AFA32D001DBEAA /* SALoginChildViewController.m in Sources */ = {isa = PBXBuildFile; fileRef = A2AE4FD122AFA32D001DBEAA /* SALoginChildViewController.m */; };
		A2AE4FD822AFA3AA001DBEAA /* SARegisterChildViewController.m in Sources */ = {isa = PBXBuildFile; fileRef = A2AE4FD722AFA3AA001DBEAA /* SARegisterChildViewController.m */; };
		A2AE4FDB22AFA457001DBEAA /* SAContentView.m in Sources */ = {isa = PBXBuildFile; fileRef = A2AE4FDA22AFA457001DBEAA /* SAContentView.m */; };
		A2AE4FE822B0A89C001DBEAA /* UIButton+SACustomButton.m in Sources */ = {isa = PBXBuildFile; fileRef = A2AE4FE722B0A89C001DBEAA /* UIButton+SACustomButton.m */; };
		A2AE4FEB22B0F8DF001DBEAA /* SAViewWithBottomButton.m in Sources */ = {isa = PBXBuildFile; fileRef = A2AE4FEA22B0F8DF001DBEAA /* SAViewWithBottomButton.m */; };
		A2AE4FEF22B1E764001DBEAA /* SABaseCell.m in Sources */ = {isa = PBXBuildFile; fileRef = A2AE4FEE22B1E764001DBEAA /* SABaseCell.m */; };
		A2AE502122B22011001DBEAA /* SAMessageCell.m in Sources */ = {isa = PBXBuildFile; fileRef = A2AE502022B22011001DBEAA /* SAMessageCell.m */; };
		A2AE502422B220FF001DBEAA /* Message.plist in Resources */ = {isa = PBXBuildFile; fileRef = A2AE502322B220FF001DBEAA /* Message.plist */; };
		A2AE502822B22279001DBEAA /* SAMessageModel.m in Sources */ = {isa = PBXBuildFile; fileRef = A2AE502722B22279001DBEAA /* SAMessageModel.m */; };
		A2AE505022B232F9001DBEAA /* SARoundCornerShadowView.m in Sources */ = {isa = PBXBuildFile; fileRef = A2AE504F22B232F9001DBEAA /* SARoundCornerShadowView.m */; };
		A2AE505622B24C79001DBEAA /* SABaseNoticeViewController.m in Sources */ = {isa = PBXBuildFile; fileRef = A2AE505522B24C79001DBEAA /* SABaseNoticeViewController.m */; };
		A2AE505922B24FD7001DBEAA /* SANoticeViewController.m in Sources */ = {isa = PBXBuildFile; fileRef = A2AE505822B24FD7001DBEAA /* SANoticeViewController.m */; };
		A2AE505C22B2533D001DBEAA /* SANoticeCell.m in Sources */ = {isa = PBXBuildFile; fileRef = A2AE505B22B2533D001DBEAA /* SANoticeCell.m */; };
/* End PBXBuildFile section */

/* Begin PBXFileReference section */
		3C36135E39BBBDB76EB28B27 /* Pods-ShouAn.release.xcconfig */ = {isa = PBXFileReference; includeInIndex = 1; lastKnownFileType = text.xcconfig; name = "Pods-ShouAn.release.xcconfig"; path = "Target Support Files/Pods-ShouAn/Pods-ShouAn.release.xcconfig"; sourceTree = "<group>"; };
		A20D382922B135530090321D /* SAChangePwdViewController.h */ = {isa = PBXFileReference; lastKnownFileType = sourcecode.c.h; path = SAChangePwdViewController.h; sourceTree = "<group>"; };
		A20D382A22B135530090321D /* SAChangePwdViewController.m */ = {isa = PBXFileReference; lastKnownFileType = sourcecode.c.objc; path = SAChangePwdViewController.m; sourceTree = "<group>"; };
		A20D382C22B135790090321D /* SAChangePwdView.h */ = {isa = PBXFileReference; lastKnownFileType = sourcecode.c.h; path = SAChangePwdView.h; sourceTree = "<group>"; };
		A20D382D22B135790090321D /* SAChangePwdView.m */ = {isa = PBXFileReference; lastKnownFileType = sourcecode.c.objc; path = SAChangePwdView.m; sourceTree = "<group>"; };
		A20D382F22B136E80090321D /* SATextFieldCell.h */ = {isa = PBXFileReference; lastKnownFileType = sourcecode.c.h; path = SATextFieldCell.h; sourceTree = "<group>"; };
		A20D383022B136E80090321D /* SATextFieldCell.m */ = {isa = PBXFileReference; lastKnownFileType = sourcecode.c.objc; path = SATextFieldCell.m; sourceTree = "<group>"; };
		A20D383222B142800090321D /* SAAboutUsViewController.h */ = {isa = PBXFileReference; lastKnownFileType = sourcecode.c.h; path = SAAboutUsViewController.h; sourceTree = "<group>"; };
		A20D383322B142800090321D /* SAAboutUsViewController.m */ = {isa = PBXFileReference; lastKnownFileType = sourcecode.c.objc; path = SAAboutUsViewController.m; sourceTree = "<group>"; };
		A20D383522B14F130090321D /* SASettingViewController.h */ = {isa = PBXFileReference; lastKnownFileType = sourcecode.c.h; path = SASettingViewController.h; sourceTree = "<group>"; };
		A20D383622B14F130090321D /* SASettingViewController.m */ = {isa = PBXFileReference; lastKnownFileType = sourcecode.c.objc; path = SASettingViewController.m; sourceTree = "<group>"; };
		A20D383822B14F5F0090321D /* SASettingView.h */ = {isa = PBXFileReference; lastKnownFileType = sourcecode.c.h; path = SASettingView.h; sourceTree = "<group>"; };
		A20D383922B14F5F0090321D /* SASettingView.m */ = {isa = PBXFileReference; lastKnownFileType = sourcecode.c.objc; path = SASettingView.m; sourceTree = "<group>"; };
		A20D383E22B1582D0090321D /* SAFeedbackViewController.h */ = {isa = PBXFileReference; lastKnownFileType = sourcecode.c.h; path = SAFeedbackViewController.h; sourceTree = "<group>"; };
		A20D383F22B1582D0090321D /* SAFeedbackViewController.m */ = {isa = PBXFileReference; lastKnownFileType = sourcecode.c.objc; path = SAFeedbackViewController.m; sourceTree = "<group>"; };
		A20D384122B491100090321D /* SASearchCell.h */ = {isa = PBXFileReference; fileEncoding = 4; lastKnownFileType = sourcecode.c.h; path = SASearchCell.h; sourceTree = "<group>"; };
		A20D384222B491100090321D /* SASearchCell.m */ = {isa = PBXFileReference; fileEncoding = 4; lastKnownFileType = sourcecode.c.objc; path = SASearchCell.m; sourceTree = "<group>"; };
		A20D384422B491490090321D /* SAScoreSearchCell.m */ = {isa = PBXFileReference; fileEncoding = 4; lastKnownFileType = sourcecode.c.objc; path = SAScoreSearchCell.m; sourceTree = "<group>"; };
		A20D384522B4914A0090321D /* SAScoreSearchCell.h */ = {isa = PBXFileReference; fileEncoding = 4; lastKnownFileType = sourcecode.c.h; path = SAScoreSearchCell.h; sourceTree = "<group>"; };
		A20D384722B494560090321D /* SAExamSearchViewController.h */ = {isa = PBXFileReference; lastKnownFileType = sourcecode.c.h; path = SAExamSearchViewController.h; sourceTree = "<group>"; };
		A20D384822B494560090321D /* SAExamSearchViewController.m */ = {isa = PBXFileReference; lastKnownFileType = sourcecode.c.objc; path = SAExamSearchViewController.m; sourceTree = "<group>"; };
		A20D384A22B494A40090321D /* SAExamSearchCell.h */ = {isa = PBXFileReference; lastKnownFileType = sourcecode.c.h; path = SAExamSearchCell.h; sourceTree = "<group>"; };
		A20D384B22B494A40090321D /* SAExamSearchCell.m */ = {isa = PBXFileReference; lastKnownFileType = sourcecode.c.objc; path = SAExamSearchCell.m; sourceTree = "<group>"; };
		A215EBB222AFE05A006AAB1C /* SAStudentInfoViewController.h */ = {isa = PBXFileReference; lastKnownFileType = sourcecode.c.h; path = SAStudentInfoViewController.h; sourceTree = "<group>"; };
		A215EBB322AFE05A006AAB1C /* SAStudentInfoViewController.m */ = {isa = PBXFileReference; lastKnownFileType = sourcecode.c.objc; path = SAStudentInfoViewController.m; sourceTree = "<group>"; };
		A215EBB522AFE13B006AAB1C /* SAStudentInfoView.h */ = {isa = PBXFileReference; lastKnownFileType = sourcecode.c.h; path = SAStudentInfoView.h; sourceTree = "<group>"; };
		A215EBB622AFE13B006AAB1C /* SAStudentInfoView.m */ = {isa = PBXFileReference; lastKnownFileType = sourcecode.c.objc; path = SAStudentInfoView.m; sourceTree = "<group>"; };
		A215EBC922B00033006AAB1C /* SAMineViewController.h */ = {isa = PBXFileReference; lastKnownFileType = sourcecode.c.h; path = SAMineViewController.h; sourceTree = "<group>"; };
		A215EBCA22B00033006AAB1C /* SAMineViewController.m */ = {isa = PBXFileReference; lastKnownFileType = sourcecode.c.objc; path = SAMineViewController.m; sourceTree = "<group>"; };
		A215EBCC22B00040006AAB1C /* SAMessageViewController.h */ = {isa = PBXFileReference; lastKnownFileType = sourcecode.c.h; path = SAMessageViewController.h; sourceTree = "<group>"; };
		A215EBCD22B00040006AAB1C /* SAMessageViewController.m */ = {isa = PBXFileReference; lastKnownFileType = sourcecode.c.objc; path = SAMessageViewController.m; sourceTree = "<group>"; };
		A215EBCF22B0004B006AAB1C /* SASearchViewController.h */ = {isa = PBXFileReference; lastKnownFileType = sourcecode.c.h; path = SASearchViewController.h; sourceTree = "<group>"; };
		A215EBD022B0004B006AAB1C /* SASearchViewController.m */ = {isa = PBXFileReference; lastKnownFileType = sourcecode.c.objc; path = SASearchViewController.m; sourceTree = "<group>"; };
		A215EBD522B00491006AAB1C /* SAHomeViewController.h */ = {isa = PBXFileReference; lastKnownFileType = sourcecode.c.h; path = SAHomeViewController.h; sourceTree = "<group>"; };
		A215EBD622B00491006AAB1C /* SAHomeViewController.m */ = {isa = PBXFileReference; lastKnownFileType = sourcecode.c.objc; path = SAHomeViewController.m; sourceTree = "<group>"; };
		A2AC60CF22B343E800247689 /* Notice.plist */ = {isa = PBXFileReference; lastKnownFileType = text.plist.xml; path = Notice.plist; sourceTree = "<group>"; };
		A2AC60D322B347DD00247689 /* SANoticeModel.h */ = {isa = PBXFileReference; lastKnownFileType = sourcecode.c.h; path = SANoticeModel.h; sourceTree = "<group>"; };
		A2AC60D422B347DD00247689 /* SANoticeModel.m */ = {isa = PBXFileReference; lastKnownFileType = sourcecode.c.objc; path = SANoticeModel.m; sourceTree = "<group>"; };
		A2AC60D922B3864800247689 /* Search.plist */ = {isa = PBXFileReference; lastKnownFileType = text.plist.xml; path = Search.plist; sourceTree = "<group>"; };
		A2AC60DD22B387B700247689 /* SASearchModel.h */ = {isa = PBXFileReference; lastKnownFileType = sourcecode.c.h; path = SASearchModel.h; sourceTree = "<group>"; };
		A2AC60DE22B387B700247689 /* SASearchModel.m */ = {isa = PBXFileReference; lastKnownFileType = sourcecode.c.objc; path = SASearchModel.m; sourceTree = "<group>"; };
		A2AC60ED22B3A31D00247689 /* SAScoreSearchViewController.h */ = {isa = PBXFileReference; lastKnownFileType = sourcecode.c.h; path = SAScoreSearchViewController.h; sourceTree = "<group>"; };
		A2AC60EE22B3A31D00247689 /* SAScoreSearchViewController.m */ = {isa = PBXFileReference; lastKnownFileType = sourcecode.c.objc; path = SAScoreSearchViewController.m; sourceTree = "<group>"; };
		A2AE4F8822AF755D001DBEAA /* ShouAn.app */ = {isa = PBXFileReference; explicitFileType = wrapper.application; includeInIndex = 0; path = ShouAn.app; sourceTree = BUILT_PRODUCTS_DIR; };
		A2AE4F8B22AF755D001DBEAA /* AppDelegate.h */ = {isa = PBXFileReference; lastKnownFileType = sourcecode.c.h; path = AppDelegate.h; sourceTree = "<group>"; };
		A2AE4F8C22AF755D001DBEAA /* AppDelegate.m */ = {isa = PBXFileReference; lastKnownFileType = sourcecode.c.objc; path = AppDelegate.m; sourceTree = "<group>"; };
		A2AE4F9422AF755D001DBEAA /* Assets.xcassets */ = {isa = PBXFileReference; lastKnownFileType = folder.assetcatalog; path = Assets.xcassets; sourceTree = "<group>"; };
		A2AE4F9722AF755D001DBEAA /* Base */ = {isa = PBXFileReference; lastKnownFileType = file.storyboard; name = Base; path = Base.lproj/LaunchScreen.storyboard; sourceTree = "<group>"; };
		A2AE4F9922AF755D001DBEAA /* Info.plist */ = {isa = PBXFileReference; lastKnownFileType = text.plist.xml; path = Info.plist; sourceTree = "<group>"; };
		A2AE4F9A22AF755D001DBEAA /* main.m */ = {isa = PBXFileReference; lastKnownFileType = sourcecode.c.objc; path = main.m; sourceTree = "<group>"; };
		A2AE4FA822AF7A8A001DBEAA /* PrefixHeader.pch */ = {isa = PBXFileReference; lastKnownFileType = sourcecode.c.h; path = PrefixHeader.pch; sourceTree = "<group>"; };
		A2AE4FA922AF7C03001DBEAA /* SAConst.h */ = {isa = PBXFileReference; lastKnownFileType = sourcecode.c.h; path = SAConst.h; sourceTree = "<group>"; };
		A2AE4FAB22AF824B001DBEAA /* SANavigationController.h */ = {isa = PBXFileReference; lastKnownFileType = sourcecode.c.h; path = SANavigationController.h; sourceTree = "<group>"; };
		A2AE4FAC22AF824B001DBEAA /* SANavigationController.m */ = {isa = PBXFileReference; lastKnownFileType = sourcecode.c.objc; path = SANavigationController.m; sourceTree = "<group>"; };
		A2AE4FAE22AF8277001DBEAA /* SATabBarController.h */ = {isa = PBXFileReference; lastKnownFileType = sourcecode.c.h; path = SATabBarController.h; sourceTree = "<group>"; };
		A2AE4FAF22AF8277001DBEAA /* SATabBarController.m */ = {isa = PBXFileReference; lastKnownFileType = sourcecode.c.objc; path = SATabBarController.m; sourceTree = "<group>"; };
		A2AE4FB122AF828B001DBEAA /* SABaseViewController.h */ = {isa = PBXFileReference; lastKnownFileType = sourcecode.c.h; path = SABaseViewController.h; sourceTree = "<group>"; };
		A2AE4FB222AF828C001DBEAA /* SABaseViewController.m */ = {isa = PBXFileReference; lastKnownFileType = sourcecode.c.objc; path = SABaseViewController.m; sourceTree = "<group>"; };
		A2AE4FBA22AF8EF9001DBEAA /* SALoginViewController.m */ = {isa = PBXFileReference; fileEncoding = 4; lastKnownFileType = sourcecode.c.objc; path = SALoginViewController.m; sourceTree = "<group>"; };
		A2AE4FBB22AF8EF9001DBEAA /* SALoginViewController.h */ = {isa = PBXFileReference; fileEncoding = 4; lastKnownFileType = sourcecode.c.h; path = SALoginViewController.h; sourceTree = "<group>"; };
		A2AE4FBD22AF914E001DBEAA /* SAView.h */ = {isa = PBXFileReference; lastKnownFileType = sourcecode.c.h; path = SAView.h; sourceTree = "<group>"; };
		A2AE4FBE22AF914E001DBEAA /* SAView.m */ = {isa = PBXFileReference; lastKnownFileType = sourcecode.c.objc; path = SAView.m; sourceTree = "<group>"; };
		A2AE4FC222AF9198001DBEAA /* SATabView.h */ = {isa = PBXFileReference; lastKnownFileType = sourcecode.c.h; path = SATabView.h; sourceTree = "<group>"; };
		A2AE4FC322AF9198001DBEAA /* SATabView.m */ = {isa = PBXFileReference; lastKnownFileType = sourcecode.c.objc; path = SATabView.m; sourceTree = "<group>"; };
		A2AE4FC922AFA062001DBEAA /* UIView+SAExtension.h */ = {isa = PBXFileReference; lastKnownFileType = sourcecode.c.h; path = "UIView+SAExtension.h"; sourceTree = "<group>"; };
		A2AE4FCA22AFA062001DBEAA /* UIView+SAExtension.m */ = {isa = PBXFileReference; lastKnownFileType = sourcecode.c.objc; path = "UIView+SAExtension.m"; sourceTree = "<group>"; };
		A2AE4FD022AFA32D001DBEAA /* SALoginChildViewController.h */ = {isa = PBXFileReference; lastKnownFileType = sourcecode.c.h; path = SALoginChildViewController.h; sourceTree = "<group>"; };
		A2AE4FD122AFA32D001DBEAA /* SALoginChildViewController.m */ = {isa = PBXFileReference; lastKnownFileType = sourcecode.c.objc; path = SALoginChildViewController.m; sourceTree = "<group>"; };
		A2AE4FD622AFA3AA001DBEAA /* SARegisterChildViewController.h */ = {isa = PBXFileReference; lastKnownFileType = sourcecode.c.h; path = SARegisterChildViewController.h; sourceTree = "<group>"; };
		A2AE4FD722AFA3AA001DBEAA /* SARegisterChildViewController.m */ = {isa = PBXFileReference; lastKnownFileType = sourcecode.c.objc; path = SARegisterChildViewController.m; sourceTree = "<group>"; };
		A2AE4FD922AFA457001DBEAA /* SAContentView.h */ = {isa = PBXFileReference; lastKnownFileType = sourcecode.c.h; path = SAContentView.h; sourceTree = "<group>"; };
		A2AE4FDA22AFA457001DBEAA /* SAContentView.m */ = {isa = PBXFileReference; lastKnownFileType = sourcecode.c.objc; path = SAContentView.m; sourceTree = "<group>"; };
		A2AE4FE622B0A89C001DBEAA /* UIButton+SACustomButton.h */ = {isa = PBXFileReference; lastKnownFileType = sourcecode.c.h; path = "UIButton+SACustomButton.h"; sourceTree = "<group>"; };
		A2AE4FE722B0A89C001DBEAA /* UIButton+SACustomButton.m */ = {isa = PBXFileReference; lastKnownFileType = sourcecode.c.objc; path = "UIButton+SACustomButton.m"; sourceTree = "<group>"; };
		A2AE4FE922B0F8DF001DBEAA /* SAViewWithBottomButton.h */ = {isa = PBXFileReference; lastKnownFileType = sourcecode.c.h; path = SAViewWithBottomButton.h; sourceTree = "<group>"; };
		A2AE4FEA22B0F8DF001DBEAA /* SAViewWithBottomButton.m */ = {isa = PBXFileReference; lastKnownFileType = sourcecode.c.objc; path = SAViewWithBottomButton.m; sourceTree = "<group>"; };
		A2AE4FED22B1E764001DBEAA /* SABaseCell.h */ = {isa = PBXFileReference; lastKnownFileType = sourcecode.c.h; path = SABaseCell.h; sourceTree = "<group>"; };
		A2AE4FEE22B1E764001DBEAA /* SABaseCell.m */ = {isa = PBXFileReference; lastKnownFileType = sourcecode.c.objc; path = SABaseCell.m; sourceTree = "<group>"; };
		A2AE501F22B22011001DBEAA /* SAMessageCell.h */ = {isa = PBXFileReference; lastKnownFileType = sourcecode.c.h; path = SAMessageCell.h; sourceTree = "<group>"; };
		A2AE502022B22011001DBEAA /* SAMessageCell.m */ = {isa = PBXFileReference; lastKnownFileType = sourcecode.c.objc; path = SAMessageCell.m; sourceTree = "<group>"; };
		A2AE502322B220FF001DBEAA /* Message.plist */ = {isa = PBXFileReference; lastKnownFileType = text.plist.xml; path = Message.plist; sourceTree = "<group>"; };
		A2AE502622B22279001DBEAA /* SAMessageModel.h */ = {isa = PBXFileReference; lastKnownFileType = sourcecode.c.h; path = SAMessageModel.h; sourceTree = "<group>"; };
		A2AE502722B22279001DBEAA /* SAMessageModel.m */ = {isa = PBXFileReference; lastKnownFileType = sourcecode.c.objc; path = SAMessageModel.m; sourceTree = "<group>"; };
		A2AE504E22B232F9001DBEAA /* SARoundCornerShadowView.h */ = {isa = PBXFileReference; lastKnownFileType = sourcecode.c.h; path = SARoundCornerShadowView.h; sourceTree = "<group>"; };
		A2AE504F22B232F9001DBEAA /* SARoundCornerShadowView.m */ = {isa = PBXFileReference; lastKnownFileType = sourcecode.c.objc; path = SARoundCornerShadowView.m; sourceTree = "<group>"; };
		A2AE505422B24C79001DBEAA /* SABaseNoticeViewController.h */ = {isa = PBXFileReference; lastKnownFileType = sourcecode.c.h; path = SABaseNoticeViewController.h; sourceTree = "<group>"; };
		A2AE505522B24C79001DBEAA /* SABaseNoticeViewController.m */ = {isa = PBXFileReference; lastKnownFileType = sourcecode.c.objc; path = SABaseNoticeViewController.m; sourceTree = "<group>"; };
		A2AE505722B24FD7001DBEAA /* SANoticeViewController.h */ = {isa = PBXFileReference; lastKnownFileType = sourcecode.c.h; path = SANoticeViewController.h; sourceTree = "<group>"; };
		A2AE505822B24FD7001DBEAA /* SANoticeViewController.m */ = {isa = PBXFileReference; lastKnownFileType = sourcecode.c.objc; path = SANoticeViewController.m; sourceTree = "<group>"; };
		A2AE505A22B2533D001DBEAA /* SANoticeCell.h */ = {isa = PBXFileReference; lastKnownFileType = sourcecode.c.h; path = SANoticeCell.h; sourceTree = "<group>"; };
		A2AE505B22B2533D001DBEAA /* SANoticeCell.m */ = {isa = PBXFileReference; lastKnownFileType = sourcecode.c.objc; path = SANoticeCell.m; sourceTree = "<group>"; };
		DE3639F09083C942D12A8D87 /* libPods-ShouAn.a */ = {isa = PBXFileReference; explicitFileType = archive.ar; includeInIndex = 0; path = "libPods-ShouAn.a"; sourceTree = BUILT_PRODUCTS_DIR; };
		E993A96181A20CD49670007B /* Pods-ShouAn.debug.xcconfig */ = {isa = PBXFileReference; includeInIndex = 1; lastKnownFileType = text.xcconfig; name = "Pods-ShouAn.debug.xcconfig"; path = "Target Support Files/Pods-ShouAn/Pods-ShouAn.debug.xcconfig"; sourceTree = "<group>"; };
/* End PBXFileReference section */

/* Begin PBXFrameworksBuildPhase section */
		A2AE4F8522AF755D001DBEAA /* Frameworks */ = {
			isa = PBXFrameworksBuildPhase;
			buildActionMask = 2147483647;
			files = (
				7A45327B15EFE9B2163087BF /* libPods-ShouAn.a in Frameworks */,
			);
			runOnlyForDeploymentPostprocessing = 0;
		};
/* End PBXFrameworksBuildPhase section */

/* Begin PBXGroup section */
		13E046A14A70F07E857031B9 /* Frameworks */ = {
			isa = PBXGroup;
			children = (
				DE3639F09083C942D12A8D87 /* libPods-ShouAn.a */,
			);
			name = Frameworks;
			sourceTree = "<group>";
		};
		7D92FA7B4AE88E64C0E125EE /* Pods */ = {
			isa = PBXGroup;
			children = (
				E993A96181A20CD49670007B /* Pods-ShouAn.debug.xcconfig */,
				3C36135E39BBBDB76EB28B27 /* Pods-ShouAn.release.xcconfig */,
			);
			path = Pods;
			sourceTree = "<group>";
		};
		A215EBBD22AFFFA4006AAB1C /* Home */ = {
			isa = PBXGroup;
			children = (
				A2AC60D222B347CA00247689 /* Model */,
				A2AC60D122B343EF00247689 /* Other */,
				A2AE4FE222B0A1F2001DBEAA /* View */,
				A215EBC322AFFFFF006AAB1C /* Controller */,
			);
			path = Home;
			sourceTree = "<group>";
		};
		A215EBBE22AFFFB2006AAB1C /* Search */ = {
			isa = PBXGroup;
			children = (
				A2AC60DC22B387A200247689 /* SearchModel */,
				A2AC60DB22B3864E00247689 /* Other */,
				A215EBC722B0001B006AAB1C /* Controller */,
				A215EBC822B0001B006AAB1C /* View */,
			);
			path = Search;
			sourceTree = "<group>";
		};
		A215EBBF22AFFFBD006AAB1C /* Message */ = {
			isa = PBXGroup;
			children = (
				A2AE502522B22267001DBEAA /* Model */,
				A2AE502222B220DC001DBEAA /* Other */,
				A2AE501E22B21FFF001DBEAA /* View */,
				A215EBC622B0000D006AAB1C /* Controller */,
			);
			path = Message;
			sourceTree = "<group>";
		};
		A215EBC022AFFFC5006AAB1C /* Mine */ = {
			isa = PBXGroup;
			children = (
				A2AE4FEC22B105B2001DBEAA /* View */,
				A215EBC122AFFFD5006AAB1C /* Controller */,
			);
			path = Mine;
			sourceTree = "<group>";
		};
		A215EBC122AFFFD5006AAB1C /* Controller */ = {
			isa = PBXGroup;
			children = (
				A215EBC922B00033006AAB1C /* SAMineViewController.h */,
				A215EBCA22B00033006AAB1C /* SAMineViewController.m */,
				A20D382922B135530090321D /* SAChangePwdViewController.h */,
				A20D382A22B135530090321D /* SAChangePwdViewController.m */,
				A20D383222B142800090321D /* SAAboutUsViewController.h */,
				A20D383322B142800090321D /* SAAboutUsViewController.m */,
				A20D383522B14F130090321D /* SASettingViewController.h */,
				A20D383622B14F130090321D /* SASettingViewController.m */,
				A20D383E22B1582D0090321D /* SAFeedbackViewController.h */,
				A20D383F22B1582D0090321D /* SAFeedbackViewController.m */,
			);
			path = Controller;
			sourceTree = "<group>";
		};
		A215EBC322AFFFFF006AAB1C /* Controller */ = {
			isa = PBXGroup;
			children = (
				A215EBD522B00491006AAB1C /* SAHomeViewController.h */,
				A215EBD622B00491006AAB1C /* SAHomeViewController.m */,
				A2AE505722B24FD7001DBEAA /* SANoticeViewController.h */,
				A2AE505822B24FD7001DBEAA /* SANoticeViewController.m */,
			);
			path = Controller;
			sourceTree = "<group>";
		};
		A215EBC622B0000D006AAB1C /* Controller */ = {
			isa = PBXGroup;
			children = (
				A215EBCC22B00040006AAB1C /* SAMessageViewController.h */,
				A215EBCD22B00040006AAB1C /* SAMessageViewController.m */,
			);
			path = Controller;
			sourceTree = "<group>";
		};
		A215EBC722B0001B006AAB1C /* Controller */ = {
			isa = PBXGroup;
			children = (
				A215EBCF22B0004B006AAB1C /* SASearchViewController.h */,
				A215EBD022B0004B006AAB1C /* SASearchViewController.m */,
				A2AC60ED22B3A31D00247689 /* SAScoreSearchViewController.h */,
				A2AC60EE22B3A31D00247689 /* SAScoreSearchViewController.m */,
				A20D384722B494560090321D /* SAExamSearchViewController.h */,
				A20D384822B494560090321D /* SAExamSearchViewController.m */,
			);
			path = Controller;
			sourceTree = "<group>";
		};
		A215EBC822B0001B006AAB1C /* View */ = {
			isa = PBXGroup;
			children = (
				A20D384522B4914A0090321D /* SAScoreSearchCell.h */,
				A20D384422B491490090321D /* SAScoreSearchCell.m */,
				A20D384122B491100090321D /* SASearchCell.h */,
				A20D384222B491100090321D /* SASearchCell.m */,
				A20D384A22B494A40090321D /* SAExamSearchCell.h */,
				A20D384B22B494A40090321D /* SAExamSearchCell.m */,
			);
			path = View;
			sourceTree = "<group>";
		};
		A2AC60D122B343EF00247689 /* Other */ = {
			isa = PBXGroup;
			children = (
				A2AC60CF22B343E800247689 /* Notice.plist */,
			);
			path = Other;
			sourceTree = "<group>";
		};
		A2AC60D222B347CA00247689 /* Model */ = {
			isa = PBXGroup;
			children = (
				A2AC60D322B347DD00247689 /* SANoticeModel.h */,
				A2AC60D422B347DD00247689 /* SANoticeModel.m */,
			);
			path = Model;
			sourceTree = "<group>";
		};
		A2AC60DB22B3864E00247689 /* Other */ = {
			isa = PBXGroup;
			children = (
				A2AC60D922B3864800247689 /* Search.plist */,
			);
			path = Other;
			sourceTree = "<group>";
		};
		A2AC60DC22B387A200247689 /* SearchModel */ = {
			isa = PBXGroup;
			children = (
				A2AC60DD22B387B700247689 /* SASearchModel.h */,
				A2AC60DE22B387B700247689 /* SASearchModel.m */,
			);
			path = SearchModel;
			sourceTree = "<group>";
		};
		A2AE4F7F22AF755D001DBEAA = {
			isa = PBXGroup;
			children = (
				A2AE4F8A22AF755D001DBEAA /* ShouAn */,
				A2AE4F8922AF755D001DBEAA /* Products */,
				7D92FA7B4AE88E64C0E125EE /* Pods */,
				13E046A14A70F07E857031B9 /* Frameworks */,
			);
			sourceTree = "<group>";
		};
		A2AE4F8922AF755D001DBEAA /* Products */ = {
			isa = PBXGroup;
			children = (
				A2AE4F8822AF755D001DBEAA /* ShouAn.app */,
			);
			name = Products;
			sourceTree = "<group>";
		};
		A2AE4F8A22AF755D001DBEAA /* ShouAn */ = {
			isa = PBXGroup;
			children = (
				A2AE4FA722AF7A74001DBEAA /* Other */,
				A2AE4FA322AF764C001DBEAA /* Service */,
				A2AE4FA222AF7646001DBEAA /* Base */,
				A2AE4FA122AF7639001DBEAA /* Modules */,
				A2AE4F9422AF755D001DBEAA /* Assets.xcassets */,
				A2AE4F9622AF755D001DBEAA /* LaunchScreen.storyboard */,
				A2AE4F9922AF755D001DBEAA /* Info.plist */,
				A2AE4F9A22AF755D001DBEAA /* main.m */,
			);
			path = ShouAn;
			sourceTree = "<group>";
		};
		A2AE4FA122AF7639001DBEAA /* Modules */ = {
			isa = PBXGroup;
			children = (
				A215EBC022AFFFC5006AAB1C /* Mine */,
				A215EBBF22AFFFBD006AAB1C /* Message */,
				A215EBBE22AFFFB2006AAB1C /* Search */,
				A215EBBD22AFFFA4006AAB1C /* Home */,
				A2AE4FB922AF8EF9001DBEAA /* Login */,
			);
			path = Modules;
			sourceTree = "<group>";
		};
		A2AE4FA222AF7646001DBEAA /* Base */ = {
			isa = PBXGroup;
			children = (
				A2AE4FC622AF9F1D001DBEAA /* Category */,
				A2AE4FAA22AF8212001DBEAA /* Share */,
				A2AE4FA622AF76DB001DBEAA /* Const */,
				A2AE4FA422AF7668001DBEAA /* Utilities */,
			);
			path = Base;
			sourceTree = "<group>";
		};
		A2AE4FA322AF764C001DBEAA /* Service */ = {
			isa = PBXGroup;
			children = (
				A2AE4F8B22AF755D001DBEAA /* AppDelegate.h */,
				A2AE4F8C22AF755D001DBEAA /* AppDelegate.m */,
			);
			path = Service;
			sourceTree = "<group>";
		};
		A2AE4FA422AF7668001DBEAA /* Utilities */ = {
			isa = PBXGroup;
			children = (
			);
			path = Utilities;
			sourceTree = "<group>";
		};
		A2AE4FA622AF76DB001DBEAA /* Const */ = {
			isa = PBXGroup;
			children = (
				A2AE4FA922AF7C03001DBEAA /* SAConst.h */,
			);
			path = Const;
			sourceTree = "<group>";
		};
		A2AE4FA722AF7A74001DBEAA /* Other */ = {
			isa = PBXGroup;
			children = (
				A2AE4FA822AF7A8A001DBEAA /* PrefixHeader.pch */,
			);
			path = Other;
			sourceTree = "<group>";
		};
		A2AE4FAA22AF8212001DBEAA /* Share */ = {
			isa = PBXGroup;
			children = (
				A2AE4FAB22AF824B001DBEAA /* SANavigationController.h */,
				A2AE4FAC22AF824B001DBEAA /* SANavigationController.m */,
				A2AE4FAE22AF8277001DBEAA /* SATabBarController.h */,
				A2AE4FAF22AF8277001DBEAA /* SATabBarController.m */,
				A2AE4FB122AF828B001DBEAA /* SABaseViewController.h */,
				A2AE4FB222AF828C001DBEAA /* SABaseViewController.m */,
				A2AE4FBD22AF914E001DBEAA /* SAView.h */,
				A2AE4FBE22AF914E001DBEAA /* SAView.m */,
				A2AE4FE922B0F8DF001DBEAA /* SAViewWithBottomButton.h */,
				A2AE4FEA22B0F8DF001DBEAA /* SAViewWithBottomButton.m */,
				A20D382F22B136E80090321D /* SATextFieldCell.h */,
				A20D383022B136E80090321D /* SATextFieldCell.m */,
				A2AE4FED22B1E764001DBEAA /* SABaseCell.h */,
				A2AE4FEE22B1E764001DBEAA /* SABaseCell.m */,
				A2AE504E22B232F9001DBEAA /* SARoundCornerShadowView.h */,
				A2AE504F22B232F9001DBEAA /* SARoundCornerShadowView.m */,
				A2AE505422B24C79001DBEAA /* SABaseNoticeViewController.h */,
				A2AE505522B24C79001DBEAA /* SABaseNoticeViewController.m */,
			);
			path = Share;
			sourceTree = "<group>";
		};
		A2AE4FB922AF8EF9001DBEAA /* Login */ = {
			isa = PBXGroup;
			children = (
				A2AE4FC122AF9171001DBEAA /* View */,
				A2AE4FC022AF9167001DBEAA /* Controller */,
			);
			name = Login;
			path = ShouAn/Modules/Login;
			sourceTree = SOURCE_ROOT;
		};
		A2AE4FC022AF9167001DBEAA /* Controller */ = {
			isa = PBXGroup;
			children = (
				A2AE4FBB22AF8EF9001DBEAA /* SALoginViewController.h */,
				A2AE4FBA22AF8EF9001DBEAA /* SALoginViewController.m */,
				A2AE4FD022AFA32D001DBEAA /* SALoginChildViewController.h */,
				A2AE4FD122AFA32D001DBEAA /* SALoginChildViewController.m */,
				A2AE4FD622AFA3AA001DBEAA /* SARegisterChildViewController.h */,
				A2AE4FD722AFA3AA001DBEAA /* SARegisterChildViewController.m */,
				A215EBB222AFE05A006AAB1C /* SAStudentInfoViewController.h */,
				A215EBB322AFE05A006AAB1C /* SAStudentInfoViewController.m */,
			);
			path = Controller;
			sourceTree = "<group>";
		};
		A2AE4FC122AF9171001DBEAA /* View */ = {
			isa = PBXGroup;
			children = (
				A2AE4FC222AF9198001DBEAA /* SATabView.h */,
				A2AE4FC322AF9198001DBEAA /* SATabView.m */,
				A2AE4FD922AFA457001DBEAA /* SAContentView.h */,
				A2AE4FDA22AFA457001DBEAA /* SAContentView.m */,
				A215EBB522AFE13B006AAB1C /* SAStudentInfoView.h */,
				A215EBB622AFE13B006AAB1C /* SAStudentInfoView.m */,
			);
			path = View;
			sourceTree = "<group>";
		};
		A2AE4FC622AF9F1D001DBEAA /* Category */ = {
			isa = PBXGroup;
			children = (
				A2AE4FC922AFA062001DBEAA /* UIView+SAExtension.h */,
				A2AE4FCA22AFA062001DBEAA /* UIView+SAExtension.m */,
				A2AE4FE622B0A89C001DBEAA /* UIButton+SACustomButton.h */,
				A2AE4FE722B0A89C001DBEAA /* UIButton+SACustomButton.m */,
			);
			path = Category;
			sourceTree = "<group>";
		};
		A2AE4FE222B0A1F2001DBEAA /* View */ = {
			isa = PBXGroup;
			children = (
				A2AE505A22B2533D001DBEAA /* SANoticeCell.h */,
				A2AE505B22B2533D001DBEAA /* SANoticeCell.m */,
			);
			path = View;
			sourceTree = "<group>";
		};
		A2AE4FEC22B105B2001DBEAA /* View */ = {
			isa = PBXGroup;
			children = (
				A20D382C22B135790090321D /* SAChangePwdView.h */,
				A20D382D22B135790090321D /* SAChangePwdView.m */,
				A20D383822B14F5F0090321D /* SASettingView.h */,
				A20D383922B14F5F0090321D /* SASettingView.m */,
			);
			path = View;
			sourceTree = "<group>";
		};
		A2AE501E22B21FFF001DBEAA /* View */ = {
			isa = PBXGroup;
			children = (
				A2AE501F22B22011001DBEAA /* SAMessageCell.h */,
				A2AE502022B22011001DBEAA /* SAMessageCell.m */,
			);
			path = View;
			sourceTree = "<group>";
		};
		A2AE502222B220DC001DBEAA /* Other */ = {
			isa = PBXGroup;
			children = (
				A2AE502322B220FF001DBEAA /* Message.plist */,
			);
			path = Other;
			sourceTree = "<group>";
		};
		A2AE502522B22267001DBEAA /* Model */ = {
			isa = PBXGroup;
			children = (
				A2AE502622B22279001DBEAA /* SAMessageModel.h */,
				A2AE502722B22279001DBEAA /* SAMessageModel.m */,
			);
			path = Model;
			sourceTree = "<group>";
		};
/* End PBXGroup section */

/* Begin PBXNativeTarget section */
		A2AE4F8722AF755D001DBEAA /* ShouAn */ = {
			isa = PBXNativeTarget;
			buildConfigurationList = A2AE4F9E22AF755D001DBEAA /* Build configuration list for PBXNativeTarget "ShouAn" */;
			buildPhases = (
				2E5A3BB1150516DE9ACE9D97 /* [CP] Check Pods Manifest.lock */,
				A2AE4F8422AF755D001DBEAA /* Sources */,
				A2AE4F8522AF755D001DBEAA /* Frameworks */,
				A2AE4F8622AF755D001DBEAA /* Resources */,
			);
			buildRules = (
			);
			dependencies = (
			);
			name = ShouAn;
			productName = ShouAn;
			productReference = A2AE4F8822AF755D001DBEAA /* ShouAn.app */;
			productType = "com.apple.product-type.application";
		};
/* End PBXNativeTarget section */

/* Begin PBXProject section */
		A2AE4F8022AF755D001DBEAA /* Project object */ = {
			isa = PBXProject;
			attributes = {
				CLASSPREFIX = SA;
				LastUpgradeCheck = 1020;
				ORGANIZATIONNAME = LK;
				TargetAttributes = {
					A2AE4F8722AF755D001DBEAA = {
						CreatedOnToolsVersion = 10.2.1;
					};
				};
			};
			buildConfigurationList = A2AE4F8322AF755D001DBEAA /* Build configuration list for PBXProject "ShouAn" */;
			compatibilityVersion = "Xcode 9.3";
			developmentRegion = en;
			hasScannedForEncodings = 0;
			knownRegions = (
				en,
				Base,
			);
			mainGroup = A2AE4F7F22AF755D001DBEAA;
			productRefGroup = A2AE4F8922AF755D001DBEAA /* Products */;
			projectDirPath = "";
			projectRoot = "";
			targets = (
				A2AE4F8722AF755D001DBEAA /* ShouAn */,
			);
		};
/* End PBXProject section */

/* Begin PBXResourcesBuildPhase section */
		A2AE4F8622AF755D001DBEAA /* Resources */ = {
			isa = PBXResourcesBuildPhase;
			buildActionMask = 2147483647;
			files = (
				A2AC60D022B343E800247689 /* Notice.plist in Resources */,
				A2AE502422B220FF001DBEAA /* Message.plist in Resources */,
				A2AE4F9822AF755D001DBEAA /* LaunchScreen.storyboard in Resources */,
				A2AC60DA22B3864800247689 /* Search.plist in Resources */,
				A2AE4F9522AF755D001DBEAA /* Assets.xcassets in Resources */,
			);
			runOnlyForDeploymentPostprocessing = 0;
		};
/* End PBXResourcesBuildPhase section */

/* Begin PBXShellScriptBuildPhase section */
		2E5A3BB1150516DE9ACE9D97 /* [CP] Check Pods Manifest.lock */ = {
			isa = PBXShellScriptBuildPhase;
			buildActionMask = 2147483647;
			files = (
			);
			inputFileListPaths = (
			);
			inputPaths = (
				"${PODS_PODFILE_DIR_PATH}/Podfile.lock",
				"${PODS_ROOT}/Manifest.lock",
			);
			name = "[CP] Check Pods Manifest.lock";
			outputFileListPaths = (
			);
			outputPaths = (
				"$(DERIVED_FILE_DIR)/Pods-ShouAn-checkManifestLockResult.txt",
			);
			runOnlyForDeploymentPostprocessing = 0;
			shellPath = /bin/sh;
			shellScript = "diff \"${PODS_PODFILE_DIR_PATH}/Podfile.lock\" \"${PODS_ROOT}/Manifest.lock\" > /dev/null\nif [ $? != 0 ] ; then\n    # print error to STDERR\n    echo \"error: The sandbox is not in sync with the Podfile.lock. Run 'pod install' or update your CocoaPods installation.\" >&2\n    exit 1\nfi\n# This output is used by Xcode 'outputs' to avoid re-running this script phase.\necho \"SUCCESS\" > \"${SCRIPT_OUTPUT_FILE_0}\"\n";
			showEnvVarsInLog = 0;
		};
/* End PBXShellScriptBuildPhase section */

/* Begin PBXSourcesBuildPhase section */
		A2AE4F8422AF755D001DBEAA /* Sources */ = {
			isa = PBXSourcesBuildPhase;
			buildActionMask = 2147483647;
			files = (
				A2AE4FBC22AF8EF9001DBEAA /* SALoginViewController.m in Sources */,
				A2AE4FAD22AF824B001DBEAA /* SANavigationController.m in Sources */,
				A215EBD722B00491006AAB1C /* SAHomeViewController.m in Sources */,
				A2AC60EF22B3A31D00247689 /* SAScoreSearchViewController.m in Sources */,
				A2AE505C22B2533D001DBEAA /* SANoticeCell.m in Sources */,
				A215EBD122B0004B006AAB1C /* SASearchViewController.m in Sources */,
				A2AE4FD822AFA3AA001DBEAA /* SARegisterChildViewController.m in Sources */,
				A2AE4FB322AF828C001DBEAA /* SABaseViewController.m in Sources */,
				A2AE4FDB22AFA457001DBEAA /* SAContentView.m in Sources */,
				A2AC60DF22B387B700247689 /* SASearchModel.m in Sources */,
				A2AE4FBF22AF914E001DBEAA /* SAView.m in Sources */,
				A2AE4FE822B0A89C001DBEAA /* UIButton+SACustomButton.m in Sources */,
				A215EBB422AFE05A006AAB1C /* SAStudentInfoViewController.m in Sources */,
				A20D383422B142800090321D /* SAAboutUsViewController.m in Sources */,
				A2AE505022B232F9001DBEAA /* SARoundCornerShadowView.m in Sources */,
				A20D384C22B494A40090321D /* SAExamSearchCell.m in Sources */,
				A20D384922B494560090321D /* SAExamSearchViewController.m in Sources */,
				A2AE502822B22279001DBEAA /* SAMessageModel.m in Sources */,
				A20D384022B1582D0090321D /* SAFeedbackViewController.m in Sources */,
				A215EBB722AFE13B006AAB1C /* SAStudentInfoView.m in Sources */,
				A20D382B22B135530090321D /* SAChangePwdViewController.m in Sources */,
				A2AE4FEF22B1E764001DBEAA /* SABaseCell.m in Sources */,
				A20D384622B4914A0090321D /* SAScoreSearchCell.m in Sources */,
				A2AE505622B24C79001DBEAA /* SABaseNoticeViewController.m in Sources */,
				A2AE505922B24FD7001DBEAA /* SANoticeViewController.m in Sources */,
				A2AE4FC422AF9198001DBEAA /* SATabView.m in Sources */,
				A2AE502122B22011001DBEAA /* SAMessageCell.m in Sources */,
				A20D383722B14F130090321D /* SASettingViewController.m in Sources */,
				A2AE4F9B22AF755D001DBEAA /* main.m in Sources */,
				A2AE4F8D22AF755D001DBEAA /* AppDelegate.m in Sources */,
				A20D383A22B14F5F0090321D /* SASettingView.m in Sources */,
				A2AE4FD222AFA32D001DBEAA /* SALoginChildViewController.m in Sources */,
				A215EBCE22B00040006AAB1C /* SAMessageViewController.m in Sources */,
				A2AC60D522B347DD00247689 /* SANoticeModel.m in Sources */,
				A20D383122B136E80090321D /* SATextFieldCell.m in Sources */,
				A2AE4FEB22B0F8DF001DBEAA /* SAViewWithBottomButton.m in Sources */,
				A215EBCB22B00033006AAB1C /* SAMineViewController.m in Sources */,
				A20D384322B491100090321D /* SASearchCell.m in Sources */,
				A20D382E22B135790090321D /* SAChangePwdView.m in Sources */,
				A2AE4FB022AF8277001DBEAA /* SATabBarController.m in Sources */,
				A2AE4FCB22AFA063001DBEAA /* UIView+SAExtension.m in Sources */,
			);
			runOnlyForDeploymentPostprocessing = 0;
		};
/* End PBXSourcesBuildPhase section */

/* Begin PBXVariantGroup section */
		A2AE4F9622AF755D001DBEAA /* LaunchScreen.storyboard */ = {
			isa = PBXVariantGroup;
			children = (
				A2AE4F9722AF755D001DBEAA /* Base */,
			);
			name = LaunchScreen.storyboard;
			sourceTree = "<group>";
		};
/* End PBXVariantGroup section */

/* Begin XCBuildConfiguration section */
		A2AE4F9C22AF755D001DBEAA /* Debug */ = {
			isa = XCBuildConfiguration;
			buildSettings = {
				ALWAYS_SEARCH_USER_PATHS = NO;
				CLANG_ANALYZER_NONNULL = YES;
				CLANG_ANALYZER_NUMBER_OBJECT_CONVERSION = YES_AGGRESSIVE;
				CLANG_CXX_LANGUAGE_STANDARD = "gnu++14";
				CLANG_CXX_LIBRARY = "libc++";
				CLANG_ENABLE_MODULES = YES;
				CLANG_ENABLE_OBJC_ARC = YES;
				CLANG_ENABLE_OBJC_WEAK = YES;
				CLANG_WARN_BLOCK_CAPTURE_AUTORELEASING = YES;
				CLANG_WARN_BOOL_CONVERSION = YES;
				CLANG_WARN_COMMA = YES;
				CLANG_WARN_CONSTANT_CONVERSION = YES;
				CLANG_WARN_DEPRECATED_OBJC_IMPLEMENTATIONS = YES;
				CLANG_WARN_DIRECT_OBJC_ISA_USAGE = YES_ERROR;
				CLANG_WARN_DOCUMENTATION_COMMENTS = YES;
				CLANG_WARN_EMPTY_BODY = YES;
				CLANG_WARN_ENUM_CONVERSION = YES;
				CLANG_WARN_INFINITE_RECURSION = YES;
				CLANG_WARN_INT_CONVERSION = YES;
				CLANG_WARN_NON_LITERAL_NULL_CONVERSION = YES;
				CLANG_WARN_OBJC_IMPLICIT_RETAIN_SELF = YES;
				CLANG_WARN_OBJC_LITERAL_CONVERSION = YES;
				CLANG_WARN_OBJC_ROOT_CLASS = YES_ERROR;
				CLANG_WARN_RANGE_LOOP_ANALYSIS = YES;
				CLANG_WARN_STRICT_PROTOTYPES = YES;
				CLANG_WARN_SUSPICIOUS_MOVE = YES;
				CLANG_WARN_UNGUARDED_AVAILABILITY = YES_AGGRESSIVE;
				CLANG_WARN_UNREACHABLE_CODE = YES;
				CLANG_WARN__DUPLICATE_METHOD_MATCH = YES;
				CODE_SIGN_IDENTITY = "iPhone Developer";
				COPY_PHASE_STRIP = NO;
				DEBUG_INFORMATION_FORMAT = dwarf;
				ENABLE_STRICT_OBJC_MSGSEND = YES;
				ENABLE_TESTABILITY = YES;
				GCC_C_LANGUAGE_STANDARD = gnu11;
				GCC_DYNAMIC_NO_PIC = NO;
				GCC_NO_COMMON_BLOCKS = YES;
				GCC_OPTIMIZATION_LEVEL = 0;
				GCC_PREPROCESSOR_DEFINITIONS = (
					"DEBUG=1",
					"$(inherited)",
				);
				GCC_WARN_64_TO_32_BIT_CONVERSION = YES;
				GCC_WARN_ABOUT_RETURN_TYPE = YES_ERROR;
				GCC_WARN_UNDECLARED_SELECTOR = YES;
				GCC_WARN_UNINITIALIZED_AUTOS = YES_AGGRESSIVE;
				GCC_WARN_UNUSED_FUNCTION = YES;
				GCC_WARN_UNUSED_VARIABLE = YES;
				IPHONEOS_DEPLOYMENT_TARGET = 12.2;
				MTL_ENABLE_DEBUG_INFO = INCLUDE_SOURCE;
				MTL_FAST_MATH = YES;
				ONLY_ACTIVE_ARCH = YES;
				SDKROOT = iphoneos;
			};
			name = Debug;
		};
		A2AE4F9D22AF755D001DBEAA /* Release */ = {
			isa = XCBuildConfiguration;
			buildSettings = {
				ALWAYS_SEARCH_USER_PATHS = NO;
				CLANG_ANALYZER_NONNULL = YES;
				CLANG_ANALYZER_NUMBER_OBJECT_CONVERSION = YES_AGGRESSIVE;
				CLANG_CXX_LANGUAGE_STANDARD = "gnu++14";
				CLANG_CXX_LIBRARY = "libc++";
				CLANG_ENABLE_MODULES = YES;
				CLANG_ENABLE_OBJC_ARC = YES;
				CLANG_ENABLE_OBJC_WEAK = YES;
				CLANG_WARN_BLOCK_CAPTURE_AUTORELEASING = YES;
				CLANG_WARN_BOOL_CONVERSION = YES;
				CLANG_WARN_COMMA = YES;
				CLANG_WARN_CONSTANT_CONVERSION = YES;
				CLANG_WARN_DEPRECATED_OBJC_IMPLEMENTATIONS = YES;
				CLANG_WARN_DIRECT_OBJC_ISA_USAGE = YES_ERROR;
				CLANG_WARN_DOCUMENTATION_COMMENTS = YES;
				CLANG_WARN_EMPTY_BODY = YES;
				CLANG_WARN_ENUM_CONVERSION = YES;
				CLANG_WARN_INFINITE_RECURSION = YES;
				CLANG_WARN_INT_CONVERSION = YES;
				CLANG_WARN_NON_LITERAL_NULL_CONVERSION = YES;
				CLANG_WARN_OBJC_IMPLICIT_RETAIN_SELF = YES;
				CLANG_WARN_OBJC_LITERAL_CONVERSION = YES;
				CLANG_WARN_OBJC_ROOT_CLASS = YES_ERROR;
				CLANG_WARN_RANGE_LOOP_ANALYSIS = YES;
				CLANG_WARN_STRICT_PROTOTYPES = YES;
				CLANG_WARN_SUSPICIOUS_MOVE = YES;
				CLANG_WARN_UNGUARDED_AVAILABILITY = YES_AGGRESSIVE;
				CLANG_WARN_UNREACHABLE_CODE = YES;
				CLANG_WARN__DUPLICATE_METHOD_MATCH = YES;
				CODE_SIGN_IDENTITY = "iPhone Developer";
				COPY_PHASE_STRIP = NO;
				DEBUG_INFORMATION_FORMAT = "dwarf-with-dsym";
				ENABLE_NS_ASSERTIONS = NO;
				ENABLE_STRICT_OBJC_MSGSEND = YES;
				GCC_C_LANGUAGE_STANDARD = gnu11;
				GCC_NO_COMMON_BLOCKS = YES;
				GCC_WARN_64_TO_32_BIT_CONVERSION = YES;
				GCC_WARN_ABOUT_RETURN_TYPE = YES_ERROR;
				GCC_WARN_UNDECLARED_SELECTOR = YES;
				GCC_WARN_UNINITIALIZED_AUTOS = YES_AGGRESSIVE;
				GCC_WARN_UNUSED_FUNCTION = YES;
				GCC_WARN_UNUSED_VARIABLE = YES;
				IPHONEOS_DEPLOYMENT_TARGET = 12.2;
				MTL_ENABLE_DEBUG_INFO = NO;
				MTL_FAST_MATH = YES;
				SDKROOT = iphoneos;
				VALIDATE_PRODUCT = YES;
			};
			name = Release;
		};
		A2AE4F9F22AF755D001DBEAA /* Debug */ = {
			isa = XCBuildConfiguration;
			baseConfigurationReference = E993A96181A20CD49670007B /* Pods-ShouAn.debug.xcconfig */;
			buildSettings = {
				ASSETCATALOG_COMPILER_APPICON_NAME = AppIcon;
				CODE_SIGN_STYLE = Automatic;
				DEVELOPMENT_TEAM = CQ6UA9X9H9;
				GCC_PRECOMPILE_PREFIX_HEADER = YES;
				GCC_PREFIX_HEADER = /Users/likai/ShouAn/ShouAn/Other/PrefixHeader.pch;
				INFOPLIST_FILE = ShouAn/Info.plist;
				LD_RUNPATH_SEARCH_PATHS = (
					"$(inherited)",
					"@executable_path/Frameworks",
				);
				PRODUCT_BUNDLE_IDENTIFIER = "-223LK.ShouAn";
				PRODUCT_NAME = "$(TARGET_NAME)";
				TARGETED_DEVICE_FAMILY = "1,2";
			};
			name = Debug;
		};
		A2AE4FA022AF755D001DBEAA /* Release */ = {
			isa = XCBuildConfiguration;
			baseConfigurationReference = 3C36135E39BBBDB76EB28B27 /* Pods-ShouAn.release.xcconfig */;
			buildSettings = {
				ASSETCATALOG_COMPILER_APPICON_NAME = AppIcon;
				CODE_SIGN_STYLE = Automatic;
				DEVELOPMENT_TEAM = CQ6UA9X9H9;
				GCC_PRECOMPILE_PREFIX_HEADER = YES;
				GCC_PREFIX_HEADER = /Users/likai/ShouAn/ShouAn/Other/PrefixHeader.pch;
				INFOPLIST_FILE = ShouAn/Info.plist;
				LD_RUNPATH_SEARCH_PATHS = (
					"$(inherited)",
					"@executable_path/Frameworks",
				);
				PRODUCT_BUNDLE_IDENTIFIER = "-223LK.ShouAn";
				PRODUCT_NAME = "$(TARGET_NAME)";
				TARGETED_DEVICE_FAMILY = "1,2";
			};
			name = Release;
		};
/* End XCBuildConfiguration section */

/* Begin XCConfigurationList section */
		A2AE4F8322AF755D001DBEAA /* Build configuration list for PBXProject "ShouAn" */ = {
			isa = XCConfigurationList;
			buildConfigurations = (
				A2AE4F9C22AF755D001DBEAA /* Debug */,
				A2AE4F9D22AF755D001DBEAA /* Release */,
			);
			defaultConfigurationIsVisible = 0;
			defaultConfigurationName = Release;
		};
		A2AE4F9E22AF755D001DBEAA /* Build configuration list for PBXNativeTarget "ShouAn" */ = {
			isa = XCConfigurationList;
			buildConfigurations = (
				A2AE4F9F22AF755D001DBEAA /* Debug */,
				A2AE4FA022AF755D001DBEAA /* Release */,
			);
			defaultConfigurationIsVisible = 0;
			defaultConfigurationName = Release;
		};
/* End XCConfigurationList section */
	};
	rootObject = A2AE4F8022AF755D001DBEAA /* Project object */;
}
