// !$*UTF8*$!
{
	archiveVersion = 1;
	classes = {
	};
	objectVersion = 50;
	objects = {

/* Begin PBXBuildFile section */
		7A45327B15EFE9B2163087BF /* libPods-ShouAn.a in Frameworks */ = {isa = PBXBuildFile; fileRef = DE3639F09083C942D12A8D87 /* libPods-ShouAn.a */; };
		A2AE4F8D22AF755D001DBEAA /* AppDelegate.m in Sources */ = {isa = PBXBuildFile; fileRef = A2AE4F8C22AF755D001DBEAA /* AppDelegate.m */; };
		A2AE4F9522AF755D001DBEAA /* Assets.xcassets in Resources */ = {isa = PBXBuildFile; fileRef = A2AE4F9422AF755D001DBEAA /* Assets.xcassets */; };
		A2AE4F9822AF755D001DBEAA /* LaunchScreen.storyboard in Resources */ = {isa = PBXBuildFile; fileRef = A2AE4F9622AF755D001DBEAA /* LaunchScreen.storyboard */; };
		A2AE4F9B22AF755D001DBEAA /* main.m in Sources */ = {isa = PBXBuildFile; fileRef = A2AE4F9A22AF755D001DBEAA /* main.m */; };
		A2AE4FAD22AF824B001DBEAA /* SANavigationController.m in Sources */ = {isa = PBXBuildFile; fileRef = A2AE4FAC22AF824B001DBEAA /* SANavigationController.m */; };
		A2AE4FB022AF8277001DBEAA /* SATabBarController.m in Sources */ = {isa = PBXBuildFile; fileRef = A2AE4FAF22AF8277001DBEAA /* SATabBarController.m */; };
		A2AE4FB322AF828C001DBEAA /* SABaseViewController.m in Sources */ = {isa = PBXBuildFile; fileRef = A2AE4FB222AF828C001DBEAA /* SABaseViewController.m */; };
/* End PBXBuildFile section */

/* Begin PBXFileReference section */
		3C36135E39BBBDB76EB28B27 /* Pods-ShouAn.release.xcconfig */ = {isa = PBXFileReference; includeInIndex = 1; lastKnownFileType = text.xcconfig; name = "Pods-ShouAn.release.xcconfig"; path = "Target Support Files/Pods-ShouAn/Pods-ShouAn.release.xcconfig"; sourceTree = "<group>"; };
		A2AE4F8822AF755D001DBEAA /* ShouAn.app */ = {isa = PBXFileReference; explicitFileType = wrapper.application; includeInIndex = 0; path = ShouAn.app; sourceTree = BUILT_PRODUCTS_DIR; };
		A2AE4F8B22AF755D001DBEAA /* AppDelegate.h */ = {isa = PBXFileReference; lastKnownFileType = sourcecode.c.h; path = AppDelegate.h; sourceTree = "<group>"; };
		A2AE4F8C22AF755D001DBEAA /* AppDelegate.m */ = {isa = PBXFileReference; lastKnownFileType = sourcecode.c.objc; path = AppDelegate.m; sourceTree = "<group>"; };
		A2AE4F9422AF755D001DBEAA /* Assets.xcassets */ = {isa = PBXFileReference; lastKnownFileType = folder.assetcatalog; path = Assets.xcassets; sourceTree = "<group>"; };
		A2AE4F9722AF755D001DBEAA /* Base */ = {isa = PBXFileReference; lastKnownFileType = file.storyboard; name = Base; path = Base.lproj/LaunchScreen.storyboard; sourceTree = "<group>"; };
		A2AE4F9922AF755D001DBEAA /* Info.plist */ = {isa = PBXFileReference; lastKnownFileType = text.plist.xml; path = Info.plist; sourceTree = "<group>"; };
		A2AE4F9A22AF755D001DBEAA /* main.m */ = {isa = PBXFileReference; lastKnownFileType = sourcecode.c.objc; path = main.m; sourceTree = "<group>"; };
		A2AE4FA822AF7A8A001DBEAA /* PrefixHeader.pch */ = {isa = PBXFileReference; lastKnownFileType = sourcecode.c.h; path = PrefixHeader.pch; sourceTree = "<group>"; };
		A2AE4FA922AF7C03001DBEAA /* SAConst.h */ = {isa = PBXFileReference; lastKnownFileType = sourcecode.c.h; path = SAConst.h; sourceTree = "<group>"; };
		A2AE4FAB22AF824B001DBEAA /* SANavigationController.h */ = {isa = PBXFileReference; lastKnownFileType = sourcecode.c.h; path = SANavigationController.h; sourceTree = "<group>"; };
		A2AE4FAC22AF824B001DBEAA /* SANavigationController.m */ = {isa = PBXFileReference; lastKnownFileType = sourcecode.c.objc; path = SANavigationController.m; sourceTree = "<group>"; };
		A2AE4FAE22AF8277001DBEAA /* SATabBarController.h */ = {isa = PBXFileReference; lastKnownFileType = sourcecode.c.h; path = SATabBarController.h; sourceTree = "<group>"; };
		A2AE4FAF22AF8277001DBEAA /* SATabBarController.m */ = {isa = PBXFileReference; lastKnownFileType = sourcecode.c.objc; path = SATabBarController.m; sourceTree = "<group>"; };
		A2AE4FB122AF828B001DBEAA /* SABaseViewController.h */ = {isa = PBXFileReference; lastKnownFileType = sourcecode.c.h; path = SABaseViewController.h; sourceTree = "<group>"; };
		A2AE4FB222AF828C001DBEAA /* SABaseViewController.m */ = {isa = PBXFileReference; lastKnownFileType = sourcecode.c.objc; path = SABaseViewController.m; sourceTree = "<group>"; };
		DE3639F09083C942D12A8D87 /* libPods-ShouAn.a */ = {isa = PBXFileReference; explicitFileType = archive.ar; includeInIndex = 0; path = "libPods-ShouAn.a"; sourceTree = BUILT_PRODUCTS_DIR; };
		E993A96181A20CD49670007B /* Pods-ShouAn.debug.xcconfig */ = {isa = PBXFileReference; includeInIndex = 1; lastKnownFileType = text.xcconfig; name = "Pods-ShouAn.debug.xcconfig"; path = "Target Support Files/Pods-ShouAn/Pods-ShouAn.debug.xcconfig"; sourceTree = "<group>"; };
/* End PBXFileReference section */

/* Begin PBXFrameworksBuildPhase section */
		A2AE4F8522AF755D001DBEAA /* Frameworks */ = {
			isa = PBXFrameworksBuildPhase;
			buildActionMask = 2147483647;
			files = (
				7A45327B15EFE9B2163087BF /* libPods-ShouAn.a in Frameworks */,
			);
			runOnlyForDeploymentPostprocessing = 0;
		};
/* End PBXFrameworksBuildPhase section */

/* Begin PBXGroup section */
		13E046A14A70F07E857031B9 /* Frameworks */ = {
			isa = PBXGroup;
			children = (
				DE3639F09083C942D12A8D87 /* libPods-ShouAn.a */,
			);
			name = Frameworks;
			sourceTree = "<group>";
		};
		7D92FA7B4AE88E64C0E125EE /* Pods */ = {
			isa = PBXGroup;
			children = (
				E993A96181A20CD49670007B /* Pods-ShouAn.debug.xcconfig */,
				3C36135E39BBBDB76EB28B27 /* Pods-ShouAn.release.xcconfig */,
			);
			path = Pods;
			sourceTree = "<group>";
		};
		A2AE4F7F22AF755D001DBEAA = {
			isa = PBXGroup;
			children = (
				A2AE4F8A22AF755D001DBEAA /* ShouAn */,
				A2AE4F8922AF755D001DBEAA /* Products */,
				7D92FA7B4AE88E64C0E125EE /* Pods */,
				13E046A14A70F07E857031B9 /* Frameworks */,
			);
			sourceTree = "<group>";
		};
		A2AE4F8922AF755D001DBEAA /* Products */ = {
			isa = PBXGroup;
			children = (
				A2AE4F8822AF755D001DBEAA /* ShouAn.app */,
			);
			name = Products;
			sourceTree = "<group>";
		};
		A2AE4F8A22AF755D001DBEAA /* ShouAn */ = {
			isa = PBXGroup;
			children = (
				A2AE4FA722AF7A74001DBEAA /* Other */,
				A2AE4FA322AF764C001DBEAA /* Service */,
				A2AE4FA222AF7646001DBEAA /* Base */,
				A2AE4FA122AF7639001DBEAA /* Modules */,
				A2AE4F9422AF755D001DBEAA /* Assets.xcassets */,
				A2AE4F9622AF755D001DBEAA /* LaunchScreen.storyboard */,
				A2AE4F9922AF755D001DBEAA /* Info.plist */,
				A2AE4F9A22AF755D001DBEAA /* main.m */,
			);
			path = ShouAn;
			sourceTree = "<group>";
		};
		A2AE4FA122AF7639001DBEAA /* Modules */ = {
			isa = PBXGroup;
			children = (
			);
			path = Modules;
			sourceTree = "<group>";
		};
		A2AE4FA222AF7646001DBEAA /* Base */ = {
			isa = PBXGroup;
			children = (
				A2AE4FAA22AF8212001DBEAA /* Share */,
				A2AE4FA622AF76DB001DBEAA /* Const */,
				A2AE4FA522AF76BE001DBEAA /* Catgory */,
				A2AE4FA422AF7668001DBEAA /* Utilities */,
			);
			path = Base;
			sourceTree = "<group>";
		};
		A2AE4FA322AF764C001DBEAA /* Service */ = {
			isa = PBXGroup;
			children = (
				A2AE4F8B22AF755D001DBEAA /* AppDelegate.h */,
				A2AE4F8C22AF755D001DBEAA /* AppDelegate.m */,
			);
			path = Service;
			sourceTree = "<group>";
		};
		A2AE4FA422AF7668001DBEAA /* Utilities */ = {
			isa = PBXGroup;
			children = (
			);
			path = Utilities;
			sourceTree = "<group>";
		};
		A2AE4FA522AF76BE001DBEAA /* Catgory */ = {
			isa = PBXGroup;
			children = (
			);
			path = Catgory;
			sourceTree = "<group>";
		};
		A2AE4FA622AF76DB001DBEAA /* Const */ = {
			isa = PBXGroup;
			children = (
				A2AE4FA922AF7C03001DBEAA /* SAConst.h */,
			);
			path = Const;
			sourceTree = "<group>";
		};
		A2AE4FA722AF7A74001DBEAA /* Other */ = {
			isa = PBXGroup;
			children = (
				A2AE4FA822AF7A8A001DBEAA /* PrefixHeader.pch */,
			);
			path = Other;
			sourceTree = "<group>";
		};
		A2AE4FAA22AF8212001DBEAA /* Share */ = {
			isa = PBXGroup;
			children = (
				A2AE4FAB22AF824B001DBEAA /* SANavigationController.h */,
				A2AE4FAC22AF824B001DBEAA /* SANavigationController.m */,
				A2AE4FAE22AF8277001DBEAA /* SATabBarController.h */,
				A2AE4FAF22AF8277001DBEAA /* SATabBarController.m */,
				A2AE4FB122AF828B001DBEAA /* SABaseViewController.h */,
				A2AE4FB222AF828C001DBEAA /* SABaseViewController.m */,
			);
			path = Share;
			sourceTree = "<group>";
		};
/* End PBXGroup section */

/* Begin PBXNativeTarget section */
		A2AE4F8722AF755D001DBEAA /* ShouAn */ = {
			isa = PBXNativeTarget;
			buildConfigurationList = A2AE4F9E22AF755D001DBEAA /* Build configuration list for PBXNativeTarget "ShouAn" */;
			buildPhases = (
				2E5A3BB1150516DE9ACE9D97 /* [CP] Check Pods Manifest.lock */,
				A2AE4F8422AF755D001DBEAA /* Sources */,
				A2AE4F8522AF755D001DBEAA /* Frameworks */,
				A2AE4F8622AF755D001DBEAA /* Resources */,
			);
			buildRules = (
			);
			dependencies = (
			);
			name = ShouAn;
			productName = ShouAn;
			productReference = A2AE4F8822AF755D001DBEAA /* ShouAn.app */;
			productType = "com.apple.product-type.application";
		};
/* End PBXNativeTarget section */

/* Begin PBXProject section */
		A2AE4F8022AF755D001DBEAA /* Project object */ = {
			isa = PBXProject;
			attributes = {
				CLASSPREFIX = SA;
				LastUpgradeCheck = 1020;
				ORGANIZATIONNAME = LK;
				TargetAttributes = {
					A2AE4F8722AF755D001DBEAA = {
						CreatedOnToolsVersion = 10.2.1;
					};
				};
			};
			buildConfigurationList = A2AE4F8322AF755D001DBEAA /* Build configuration list for PBXProject "ShouAn" */;
			compatibilityVersion = "Xcode 9.3";
			developmentRegion = en;
			hasScannedForEncodings = 0;
			knownRegions = (
				en,
				Base,
			);
			mainGroup = A2AE4F7F22AF755D001DBEAA;
			productRefGroup = A2AE4F8922AF755D001DBEAA /* Products */;
			projectDirPath = "";
			projectRoot = "";
			targets = (
				A2AE4F8722AF755D001DBEAA /* ShouAn */,
			);
		};
/* End PBXProject section */

/* Begin PBXResourcesBuildPhase section */
		A2AE4F8622AF755D001DBEAA /* Resources */ = {
			isa = PBXResourcesBuildPhase;
			buildActionMask = 2147483647;
			files = (
				A2AE4F9822AF755D001DBEAA /* LaunchScreen.storyboard in Resources */,
				A2AE4F9522AF755D001DBEAA /* Assets.xcassets in Resources */,
			);
			runOnlyForDeploymentPostprocessing = 0;
		};
/* End PBXResourcesBuildPhase section */

/* Begin PBXShellScriptBuildPhase section */
		2E5A3BB1150516DE9ACE9D97 /* [CP] Check Pods Manifest.lock */ = {
			isa = PBXShellScriptBuildPhase;
			buildActionMask = 2147483647;
			files = (
			);
			inputFileListPaths = (
			);
			inputPaths = (
				"${PODS_PODFILE_DIR_PATH}/Podfile.lock",
				"${PODS_ROOT}/Manifest.lock",
			);
			name = "[CP] Check Pods Manifest.lock";
			outputFileListPaths = (
			);
			outputPaths = (
				"$(DERIVED_FILE_DIR)/Pods-ShouAn-checkManifestLockResult.txt",
			);
			runOnlyForDeploymentPostprocessing = 0;
			shellPath = /bin/sh;
			shellScript = "diff \"${PODS_PODFILE_DIR_PATH}/Podfile.lock\" \"${PODS_ROOT}/Manifest.lock\" > /dev/null\nif [ $? != 0 ] ; then\n    # print error to STDERR\n    echo \"error: The sandbox is not in sync with the Podfile.lock. Run 'pod install' or update your CocoaPods installation.\" >&2\n    exit 1\nfi\n# This output is used by Xcode 'outputs' to avoid re-running this script phase.\necho \"SUCCESS\" > \"${SCRIPT_OUTPUT_FILE_0}\"\n";
			showEnvVarsInLog = 0;
		};
/* End PBXShellScriptBuildPhase section */

/* Begin PBXSourcesBuildPhase section */
		A2AE4F8422AF755D001DBEAA /* Sources */ = {
			isa = PBXSourcesBuildPhase;
			buildActionMask = 2147483647;
			files = (
				A2AE4FAD22AF824B001DBEAA /* SANavigationController.m in Sources */,
				A2AE4FB322AF828C001DBEAA /* SABaseViewController.m in Sources */,
				A2AE4F9B22AF755D001DBEAA /* main.m in Sources */,
				A2AE4F8D22AF755D001DBEAA /* AppDelegate.m in Sources */,
				A2AE4FB022AF8277001DBEAA /* SATabBarController.m in Sources */,
			);
			runOnlyForDeploymentPostprocessing = 0;
		};
/* End PBXSourcesBuildPhase section */

/* Begin PBXVariantGroup section */
		A2AE4F9622AF755D001DBEAA /* LaunchScreen.storyboard */ = {
			isa = PBXVariantGroup;
			children = (
				A2AE4F9722AF755D001DBEAA /* Base */,
			);
			name = LaunchScreen.storyboard;
			sourceTree = "<group>";
		};
/* End PBXVariantGroup section */

/* Begin XCBuildConfiguration section */
		A2AE4F9C22AF755D001DBEAA /* Debug */ = {
			isa = XCBuildConfiguration;
			buildSettings = {
				ALWAYS_SEARCH_USER_PATHS = NO;
				CLANG_ANALYZER_NONNULL = YES;
				CLANG_ANALYZER_NUMBER_OBJECT_CONVERSION = YES_AGGRESSIVE;
				CLANG_CXX_LANGUAGE_STANDARD = "gnu++14";
				CLANG_CXX_LIBRARY = "libc++";
				CLANG_ENABLE_MODULES = YES;
				CLANG_ENABLE_OBJC_ARC = YES;
				CLANG_ENABLE_OBJC_WEAK = YES;
				CLANG_WARN_BLOCK_CAPTURE_AUTORELEASING = YES;
				CLANG_WARN_BOOL_CONVERSION = YES;
				CLANG_WARN_COMMA = YES;
				CLANG_WARN_CONSTANT_CONVERSION = YES;
				CLANG_WARN_DEPRECATED_OBJC_IMPLEMENTATIONS = YES;
				CLANG_WARN_DIRECT_OBJC_ISA_USAGE = YES_ERROR;
				CLANG_WARN_DOCUMENTATION_COMMENTS = YES;
				CLANG_WARN_EMPTY_BODY = YES;
				CLANG_WARN_ENUM_CONVERSION = YES;
				CLANG_WARN_INFINITE_RECURSION = YES;
				CLANG_WARN_INT_CONVERSION = YES;
				CLANG_WARN_NON_LITERAL_NULL_CONVERSION = YES;
				CLANG_WARN_OBJC_IMPLICIT_RETAIN_SELF = YES;
				CLANG_WARN_OBJC_LITERAL_CONVERSION = YES;
				CLANG_WARN_OBJC_ROOT_CLASS = YES_ERROR;
				CLANG_WARN_RANGE_LOOP_ANALYSIS = YES;
				CLANG_WARN_STRICT_PROTOTYPES = YES;
				CLANG_WARN_SUSPICIOUS_MOVE = YES;
				CLANG_WARN_UNGUARDED_AVAILABILITY = YES_AGGRESSIVE;
				CLANG_WARN_UNREACHABLE_CODE = YES;
				CLANG_WARN__DUPLICATE_METHOD_MATCH = YES;
				CODE_SIGN_IDENTITY = "iPhone Developer";
				COPY_PHASE_STRIP = NO;
				DEBUG_INFORMATION_FORMAT = dwarf;
				ENABLE_STRICT_OBJC_MSGSEND = YES;
				ENABLE_TESTABILITY = YES;
				GCC_C_LANGUAGE_STANDARD = gnu11;
				GCC_DYNAMIC_NO_PIC = NO;
				GCC_NO_COMMON_BLOCKS = YES;
				GCC_OPTIMIZATION_LEVEL = 0;
				GCC_PREPROCESSOR_DEFINITIONS = (
					"DEBUG=1",
					"$(inherited)",
				);
				GCC_WARN_64_TO_32_BIT_CONVERSION = YES;
				GCC_WARN_ABOUT_RETURN_TYPE = YES_ERROR;
				GCC_WARN_UNDECLARED_SELECTOR = YES;
				GCC_WARN_UNINITIALIZED_AUTOS = YES_AGGRESSIVE;
				GCC_WARN_UNUSED_FUNCTION = YES;
				GCC_WARN_UNUSED_VARIABLE = YES;
				IPHONEOS_DEPLOYMENT_TARGET = 12.2;
				MTL_ENABLE_DEBUG_INFO = INCLUDE_SOURCE;
				MTL_FAST_MATH = YES;
				ONLY_ACTIVE_ARCH = YES;
				SDKROOT = iphoneos;
			};
			name = Debug;
		};
		A2AE4F9D22AF755D001DBEAA /* Release */ = {
			isa = XCBuildConfiguration;
			buildSettings = {
				ALWAYS_SEARCH_USER_PATHS = NO;
				CLANG_ANALYZER_NONNULL = YES;
				CLANG_ANALYZER_NUMBER_OBJECT_CONVERSION = YES_AGGRESSIVE;
				CLANG_CXX_LANGUAGE_STANDARD = "gnu++14";
				CLANG_CXX_LIBRARY = "libc++";
				CLANG_ENABLE_MODULES = YES;
				CLANG_ENABLE_OBJC_ARC = YES;
				CLANG_ENABLE_OBJC_WEAK = YES;
				CLANG_WARN_BLOCK_CAPTURE_AUTORELEASING = YES;
				CLANG_WARN_BOOL_CONVERSION = YES;
				CLANG_WARN_COMMA = YES;
				CLANG_WARN_CONSTANT_CONVERSION = YES;
				CLANG_WARN_DEPRECATED_OBJC_IMPLEMENTATIONS = YES;
				CLANG_WARN_DIRECT_OBJC_ISA_USAGE = YES_ERROR;
				CLANG_WARN_DOCUMENTATION_COMMENTS = YES;
				CLANG_WARN_EMPTY_BODY = YES;
				CLANG_WARN_ENUM_CONVERSION = YES;
				CLANG_WARN_INFINITE_RECURSION = YES;
				CLANG_WARN_INT_CONVERSION = YES;
				CLANG_WARN_NON_LITERAL_NULL_CONVERSION = YES;
				CLANG_WARN_OBJC_IMPLICIT_RETAIN_SELF = YES;
				CLANG_WARN_OBJC_LITERAL_CONVERSION = YES;
				CLANG_WARN_OBJC_ROOT_CLASS = YES_ERROR;
				CLANG_WARN_RANGE_LOOP_ANALYSIS = YES;
				CLANG_WARN_STRICT_PROTOTYPES = YES;
				CLANG_WARN_SUSPICIOUS_MOVE = YES;
				CLANG_WARN_UNGUARDED_AVAILABILITY = YES_AGGRESSIVE;
				CLANG_WARN_UNREACHABLE_CODE = YES;
				CLANG_WARN__DUPLICATE_METHOD_MATCH = YES;
				CODE_SIGN_IDENTITY = "iPhone Developer";
				COPY_PHASE_STRIP = NO;
				DEBUG_INFORMATION_FORMAT = "dwarf-with-dsym";
				ENABLE_NS_ASSERTIONS = NO;
				ENABLE_STRICT_OBJC_MSGSEND = YES;
				GCC_C_LANGUAGE_STANDARD = gnu11;
				GCC_NO_COMMON_BLOCKS = YES;
				GCC_WARN_64_TO_32_BIT_CONVERSION = YES;
				GCC_WARN_ABOUT_RETURN_TYPE = YES_ERROR;
				GCC_WARN_UNDECLARED_SELECTOR = YES;
				GCC_WARN_UNINITIALIZED_AUTOS = YES_AGGRESSIVE;
				GCC_WARN_UNUSED_FUNCTION = YES;
				GCC_WARN_UNUSED_VARIABLE = YES;
				IPHONEOS_DEPLOYMENT_TARGET = 12.2;
				MTL_ENABLE_DEBUG_INFO = NO;
				MTL_FAST_MATH = YES;
				SDKROOT = iphoneos;
				VALIDATE_PRODUCT = YES;
			};
			name = Release;
		};
		A2AE4F9F22AF755D001DBEAA /* Debug */ = {
			isa = XCBuildConfiguration;
			baseConfigurationReference = E993A96181A20CD49670007B /* Pods-ShouAn.debug.xcconfig */;
			buildSettings = {
				ASSETCATALOG_COMPILER_APPICON_NAME = AppIcon;
				CODE_SIGN_STYLE = Automatic;
				DEVELOPMENT_TEAM = CQ6UA9X9H9;
				GCC_PRECOMPILE_PREFIX_HEADER = YES;
				GCC_PREFIX_HEADER = /Users/likai/ShouAn/ShouAn/Other/PrefixHeader.pch;
				INFOPLIST_FILE = ShouAn/Info.plist;
				LD_RUNPATH_SEARCH_PATHS = (
					"$(inherited)",
					"@executable_path/Frameworks",
				);
				PRODUCT_BUNDLE_IDENTIFIER = "-223LK.ShouAn";
				PRODUCT_NAME = "$(TARGET_NAME)";
				TARGETED_DEVICE_FAMILY = "1,2";
			};
			name = Debug;
		};
		A2AE4FA022AF755D001DBEAA /* Release */ = {
			isa = XCBuildConfiguration;
			baseConfigurationReference = 3C36135E39BBBDB76EB28B27 /* Pods-ShouAn.release.xcconfig */;
			buildSettings = {
				ASSETCATALOG_COMPILER_APPICON_NAME = AppIcon;
				CODE_SIGN_STYLE = Automatic;
				DEVELOPMENT_TEAM = CQ6UA9X9H9;
				GCC_PRECOMPILE_PREFIX_HEADER = YES;
				GCC_PREFIX_HEADER = /Users/likai/ShouAn/ShouAn/Other/PrefixHeader.pch;
				INFOPLIST_FILE = ShouAn/Info.plist;
				LD_RUNPATH_SEARCH_PATHS = (
					"$(inherited)",
					"@executable_path/Frameworks",
				);
				PRODUCT_BUNDLE_IDENTIFIER = "-223LK.ShouAn";
				PRODUCT_NAME = "$(TARGET_NAME)";
				TARGETED_DEVICE_FAMILY = "1,2";
			};
			name = Release;
		};
/* End XCBuildConfiguration section */

/* Begin XCConfigurationList section */
		A2AE4F8322AF755D001DBEAA /* Build configuration list for PBXProject "ShouAn" */ = {
			isa = XCConfigurationList;
			buildConfigurations = (
				A2AE4F9C22AF755D001DBEAA /* Debug */,
				A2AE4F9D22AF755D001DBEAA /* Release */,
			);
			defaultConfigurationIsVisible = 0;
			defaultConfigurationName = Release;
		};
		A2AE4F9E22AF755D001DBEAA /* Build configuration list for PBXNativeTarget "ShouAn" */ = {
			isa = XCConfigurationList;
			buildConfigurations = (
				A2AE4F9F22AF755D001DBEAA /* Debug */,
				A2AE4FA022AF755D001DBEAA /* Release */,
			);
			defaultConfigurationIsVisible = 0;
			defaultConfigurationName = Release;
		};
/* End XCConfigurationList section */
	};
	rootObject = A2AE4F8022AF755D001DBEAA /* Project object */;
}
